
Microsoft Visual Studio Solution File, Format Version 12.00
# Visual Studio Version 16
VisualStudioVersion = 16.0.31005.135
MinimumVisualStudioVersion = 10.0.40219.1
Project("{FAE04EC0-301F-11D3-BF4B-00C04F79EFBC}") = "ConsoleApp5", "ConsoleApp5\ConsoleApp5.csproj", "{B8FC0B39-4FDD-49FF-8C46-3DB52CFEF23F}"
EndProject
Global
	GlobalSection(SolutionConfigurationPlatforms) = preSolution
		Debug|Any CPU = Debug|Any CPU
		Release|Any CPU = Release|Any CPU
	EndGlobalSection
	GlobalSection(ProjectConfigurationPlatforms) = postSolution
		{B8FC0B39-4FDD-49FF-8C46-3DB52CFEF23F}.Debug|Any CPU.ActiveCfg = Debug|Any CPU
		{B8FC0B39-4FDD-49FF-8C46-3DB52CFEF23F}.Debug|Any CPU.Build.0 = Debug|Any CPU
		{B8FC0B39-4FDD-49FF-8C46-3DB52CFEF23F}.Release|Any CPU.ActiveCfg = Release|Any CPU
		{B8FC0B39-4FDD-49FF-8C46-3DB52CFEF23F}.Release|Any CPU.Build.0 = Release|Any CPU
	EndGlobalSection
	GlobalSection(SolutionProperties) = preSolution
		HideSolutionNode = FALSE
	EndGlobalSection
	GlobalSection(ExtensibilityGlobals) = postSolution
		SolutionGuid = {4F506FD1-D956-4B36-93F4-35237D9A741D}
	EndGlobalSection
EndGlobal
